PODS:
  - audience_network (0.0.1):
    - FBAudienceNetwork (~> 6.9.0)
    - Flutter
  - FBAudienceNetwork (6.9.0)
  - Flutter (1.0.0)

DEPENDENCIES:
  - audience_network (from `.symlinks/plugins/audience_network/ios`)
  - Flutter (from `Flutter`)

SPEC REPOS:
  trunk:
    - FBAudienceNetwork

EXTERNAL SOURCES:
  audience_network:
    :path: ".symlinks/plugins/audience_network/ios"
  Flutter:
    :path: Flutter

SPEC CHECKSUMS:
  audience_network: 68de72bbf721fc9a778c9a69605f52db27c6aed5
  FBAudienceNetwork: 83096d73433759c10f9cf9b3bad5e5cff58694cb
  Flutter: 50d75fe2f02b26cc09d224853bb45737f8b3214a

PODFILE CHECKSUM: aafe91acc616949ddb318b77800a7f51bffa2a4c

COCOAPODS: 1.11.2
